
Microsoft Visual Studio Solution File, Format Version 12.00
# Visual Studio 2012
Project("{FAE04EC0-301F-11D3-BF4B-00C04F79EFBC}") = "RePopCraftingStudio", "Projects\RePopCraftingStudio\RePopCraftingStudio.csproj", "{FBF611E8-052B-4ABF-B606-D70841685BC8}"
EndProject
Global
	GlobalSection(SolutionConfigurationPlatforms) = preSolution
		Debug|Any CPU = Debug|Any CPU
		Release|Any CPU = Release|Any CPU
	EndGlobalSection
	GlobalSection(ProjectConfigurationPlatforms) = postSolution
		{FBF611E8-052B-4ABF-B606-D70841685BC8}.Debug|Any CPU.ActiveCfg = Debug|Any CPU
		{FBF611E8-052B-4ABF-B606-D70841685BC8}.Debug|Any CPU.Build.0 = Debug|Any CPU
		{FBF611E8-052B-4ABF-B606-D70841685BC8}.Release|Any CPU.ActiveCfg = Release|Any CPU
		{FBF611E8-052B-4ABF-B606-D70841685BC8}.Release|Any CPU.Build.0 = Release|Any CPU
	EndGlobalSection
	GlobalSection(SolutionProperties) = preSolution
		HideSolutionNode = FALSE
	EndGlobalSection
EndGlobal
